// !$*UTF8*$!
{
	archiveVersion = 1;
	classes = {
	};
	objectVersion = 56;
	objects = {

/* Begin PBXBuildFile section */
		50208CC82BB7C95400B13EBB /* TinderCloneApp.swift in Sources */ = {isa = PBXBuildFile; fileRef = 50208CC72BB7C95400B13EBB /* TinderCloneApp.swift */; };
		50208CCA2BB7C95400B13EBB /* ContentView.swift in Sources */ = {isa = PBXBuildFile; fileRef = 50208CC92BB7C95400B13EBB /* ContentView.swift */; };
		50208CCC2BB7C95900B13EBB /* Assets.xcassets in Resources */ = {isa = PBXBuildFile; fileRef = 50208CCB2BB7C95900B13EBB /* Assets.xcassets */; };
		50208CCF2BB7C95900B13EBB /* Preview Assets.xcassets in Resources */ = {isa = PBXBuildFile; fileRef = 50208CCE2BB7C95900B13EBB /* Preview Assets.xcassets */; };
		50208CD92BB7C95900B13EBB /* TinderCloneTests.swift in Sources */ = {isa = PBXBuildFile; fileRef = 50208CD82BB7C95900B13EBB /* TinderCloneTests.swift */; };
		50208CE32BB7C95900B13EBB /* TinderCloneUITests.swift in Sources */ = {isa = PBXBuildFile; fileRef = 50208CE22BB7C95900B13EBB /* TinderCloneUITests.swift */; };
		50208CE52BB7C95900B13EBB /* TinderCloneUITestsLaunchTests.swift in Sources */ = {isa = PBXBuildFile; fileRef = 50208CE42BB7C95900B13EBB /* TinderCloneUITestsLaunchTests.swift */; };
		50208CFF2BB7CDC700B13EBB /* MainTabView.swift in Sources */ = {isa = PBXBuildFile; fileRef = 50208CFE2BB7CDC700B13EBB /* MainTabView.swift */; };
		50208D022BB8FAD600B13EBB /* CardView.swift in Sources */ = {isa = PBXBuildFile; fileRef = 50208D012BB8FAD600B13EBB /* CardView.swift */; };
		50C81BBE2BC8B77200D1BCA0 /* CardModel.swift in Sources */ = {isa = PBXBuildFile; fileRef = 50C81BBD2BC8B77200D1BCA0 /* CardModel.swift */; };
		50C81BC12BC8B82600D1BCA0 /* CardsViewModel.swift in Sources */ = {isa = PBXBuildFile; fileRef = 50C81BC02BC8B82600D1BCA0 /* CardsViewModel.swift */; };
		50C81BC42BC8BAF600D1BCA0 /* CardService.swift in Sources */ = {isa = PBXBuildFile; fileRef = 50C81BC32BC8BAF600D1BCA0 /* CardService.swift */; };
		50C81BC72BC8C57A00D1BCA0 /* MockData.swift in Sources */ = {isa = PBXBuildFile; fileRef = 50C81BC62BC8C57A00D1BCA0 /* MockData.swift */; };
		50F6BF922BCB90CA00B62F1D /* SwipeActionButtonsView.swift in Sources */ = {isa = PBXBuildFile; fileRef = 50F6BF912BCB90C900B62F1D /* SwipeActionButtonsView.swift */; };
		50F6BF942BCB963B00B62F1D /* SwipeAction.swift in Sources */ = {isa = PBXBuildFile; fileRef = 50F6BF932BCB963B00B62F1D /* SwipeAction.swift */; };
		50F6BF962BCCCCD400B62F1D /* UserProfileView.swift in Sources */ = {isa = PBXBuildFile; fileRef = 50F6BF952BCCCCD400B62F1D /* UserProfileView.swift */; };
		50F6BF9A2BCF576200B62F1D /* CurrentUserProfileView.swift in Sources */ = {isa = PBXBuildFile; fileRef = 50F6BF992BCF576200B62F1D /* CurrentUserProfileView.swift */; };
		50F6BF9C2BCF57E000B62F1D /* CurrentUserProfileHeaderView.swift in Sources */ = {isa = PBXBuildFile; fileRef = 50F6BF9B2BCF57E000B62F1D /* CurrentUserProfileHeaderView.swift */; };
		50F6BF9F2BD0A81B00B62F1D /* EditProfileView.swift in Sources */ = {isa = PBXBuildFile; fileRef = 50F6BF9E2BD0A81B00B62F1D /* EditProfileView.swift */; };
		50F6BFA12BD0AED600B62F1D /* ProfileImageGridView.swift in Sources */ = {isa = PBXBuildFile; fileRef = 50F6BFA02BD0AED600B62F1D /* ProfileImageGridView.swift */; };
		50F6BFA52BD1F33500B62F1D /* UserMatchview.swift in Sources */ = {isa = PBXBuildFile; fileRef = 50F6BFA42BD1F33500B62F1D /* UserMatchview.swift */; };
		50F6BFA82BD20D8B00B62F1D /* MatchManager.swift in Sources */ = {isa = PBXBuildFile; fileRef = 50F6BFA72BD20D8B00B62F1D /* MatchManager.swift */; };
		50FE9DF62BBB9BCD0094BF94 /* UserInfoView.swift in Sources */ = {isa = PBXBuildFile; fileRef = 50FE9DF52BBB9BCD0094BF94 /* UserInfoView.swift */; };
		50FE9DF82BBD71F50094BF94 /* SwipeAcctionIndicatorView.swift in Sources */ = {isa = PBXBuildFile; fileRef = 50FE9DF72BBD71F50094BF94 /* SwipeAcctionIndicatorView.swift */; };
		50FE9DFB2BC556190094BF94 /* SizeConstants.swift in Sources */ = {isa = PBXBuildFile; fileRef = 50FE9DFA2BC556190094BF94 /* SizeConstants.swift */; };
		50FE9DFD2BC650D20094BF94 /* ImageScrollingOverlay.swift in Sources */ = {isa = PBXBuildFile; fileRef = 50FE9DFC2BC650D20094BF94 /* ImageScrollingOverlay.swift */; };
		50FE9DFF2BC76CC00094BF94 /* CardImageIndicatorView.swift in Sources */ = {isa = PBXBuildFile; fileRef = 50FE9DFE2BC76CC00094BF94 /* CardImageIndicatorView.swift */; };
		50FE9E012BC7747D0094BF94 /* CardStackView.swift in Sources */ = {isa = PBXBuildFile; fileRef = 50FE9E002BC7747D0094BF94 /* CardStackView.swift */; };
		50FE9E052BC77AFB0094BF94 /* User.swift in Sources */ = {isa = PBXBuildFile; fileRef = 50FE9E042BC77AFB0094BF94 /* User.swift */; };
/* End PBXBuildFile section */

/* Begin PBXContainerItemProxy section */
		50208CD52BB7C95900B13EBB /* PBXContainerItemProxy */ = {
			isa = PBXContainerItemProxy;
			containerPortal = 50208CBC2BB7C95400B13EBB /* Project object */;
			proxyType = 1;
			remoteGlobalIDString = 50208CC32BB7C95400B13EBB;
			remoteInfo = TinderClone;
		};
		50208CDF2BB7C95900B13EBB /* PBXContainerItemProxy */ = {
			isa = PBXContainerItemProxy;
			containerPortal = 50208CBC2BB7C95400B13EBB /* Project object */;
			proxyType = 1;
			remoteGlobalIDString = 50208CC32BB7C95400B13EBB;
			remoteInfo = TinderClone;
		};
/* End PBXContainerItemProxy section */

/* Begin PBXFileReference section */
		50208CC42BB7C95400B13EBB /* TinderClone.app */ = {isa = PBXFileReference; explicitFileType = wrapper.application; includeInIndex = 0; path = TinderClone.app; sourceTree = BUILT_PRODUCTS_DIR; };
		50208CC72BB7C95400B13EBB /* TinderCloneApp.swift */ = {isa = PBXFileReference; lastKnownFileType = sourcecode.swift; path = TinderCloneApp.swift; sourceTree = "<group>"; };
		50208CC92BB7C95400B13EBB /* ContentView.swift */ = {isa = PBXFileReference; lastKnownFileType = sourcecode.swift; path = ContentView.swift; sourceTree = "<group>"; };
		50208CCB2BB7C95900B13EBB /* Assets.xcassets */ = {isa = PBXFileReference; lastKnownFileType = folder.assetcatalog; path = Assets.xcassets; sourceTree = "<group>"; };
		50208CCE2BB7C95900B13EBB /* Preview Assets.xcassets */ = {isa = PBXFileReference; lastKnownFileType = folder.assetcatalog; path = "Preview Assets.xcassets"; sourceTree = "<group>"; };
		50208CD42BB7C95900B13EBB /* TinderCloneTests.xctest */ = {isa = PBXFileReference; explicitFileType = wrapper.cfbundle; includeInIndex = 0; path = TinderCloneTests.xctest; sourceTree = BUILT_PRODUCTS_DIR; };
		50208CD82BB7C95900B13EBB /* TinderCloneTests.swift */ = {isa = PBXFileReference; lastKnownFileType = sourcecode.swift; path = TinderCloneTests.swift; sourceTree = "<group>"; };
		50208CDE2BB7C95900B13EBB /* TinderCloneUITests.xctest */ = {isa = PBXFileReference; explicitFileType = wrapper.cfbundle; includeInIndex = 0; path = TinderCloneUITests.xctest; sourceTree = BUILT_PRODUCTS_DIR; };
		50208CE22BB7C95900B13EBB /* TinderCloneUITests.swift */ = {isa = PBXFileReference; lastKnownFileType = sourcecode.swift; path = TinderCloneUITests.swift; sourceTree = "<group>"; };
		50208CE42BB7C95900B13EBB /* TinderCloneUITestsLaunchTests.swift */ = {isa = PBXFileReference; lastKnownFileType = sourcecode.swift; path = TinderCloneUITestsLaunchTests.swift; sourceTree = "<group>"; };
		50208CFE2BB7CDC700B13EBB /* MainTabView.swift */ = {isa = PBXFileReference; lastKnownFileType = sourcecode.swift; path = MainTabView.swift; sourceTree = "<group>"; };
		50208D012BB8FAD600B13EBB /* CardView.swift */ = {isa = PBXFileReference; lastKnownFileType = sourcecode.swift; path = CardView.swift; sourceTree = "<group>"; };
		50C81BBD2BC8B77200D1BCA0 /* CardModel.swift */ = {isa = PBXFileReference; lastKnownFileType = sourcecode.swift; path = CardModel.swift; sourceTree = "<group>"; };
		50C81BC02BC8B82600D1BCA0 /* CardsViewModel.swift */ = {isa = PBXFileReference; lastKnownFileType = sourcecode.swift; path = CardsViewModel.swift; sourceTree = "<group>"; };
		50C81BC32BC8BAF600D1BCA0 /* CardService.swift */ = {isa = PBXFileReference; lastKnownFileType = sourcecode.swift; path = CardService.swift; sourceTree = "<group>"; };
		50C81BC62BC8C57A00D1BCA0 /* MockData.swift */ = {isa = PBXFileReference; lastKnownFileType = sourcecode.swift; path = MockData.swift; sourceTree = "<group>"; };
		50F6BF912BCB90C900B62F1D /* SwipeActionButtonsView.swift */ = {isa = PBXFileReference; lastKnownFileType = sourcecode.swift; path = SwipeActionButtonsView.swift; sourceTree = "<group>"; };
		50F6BF932BCB963B00B62F1D /* SwipeAction.swift */ = {isa = PBXFileReference; lastKnownFileType = sourcecode.swift; path = SwipeAction.swift; sourceTree = "<group>"; };
		50F6BF952BCCCCD400B62F1D /* UserProfileView.swift */ = {isa = PBXFileReference; lastKnownFileType = sourcecode.swift; path = UserProfileView.swift; sourceTree = "<group>"; };
		50F6BF992BCF576200B62F1D /* CurrentUserProfileView.swift */ = {isa = PBXFileReference; lastKnownFileType = sourcecode.swift; path = CurrentUserProfileView.swift; sourceTree = "<group>"; };
		50F6BF9B2BCF57E000B62F1D /* CurrentUserProfileHeaderView.swift */ = {isa = PBXFileReference; lastKnownFileType = sourcecode.swift; path = CurrentUserProfileHeaderView.swift; sourceTree = "<group>"; };
		50F6BF9E2BD0A81B00B62F1D /* EditProfileView.swift */ = {isa = PBXFileReference; lastKnownFileType = sourcecode.swift; path = EditProfileView.swift; sourceTree = "<group>"; };
		50F6BFA02BD0AED600B62F1D /* ProfileImageGridView.swift */ = {isa = PBXFileReference; lastKnownFileType = sourcecode.swift; path = ProfileImageGridView.swift; sourceTree = "<group>"; };
		50F6BFA42BD1F33500B62F1D /* UserMatchview.swift */ = {isa = PBXFileReference; lastKnownFileType = sourcecode.swift; path = UserMatchview.swift; sourceTree = "<group>"; };
		50F6BFA72BD20D8B00B62F1D /* MatchManager.swift */ = {isa = PBXFileReference; lastKnownFileType = sourcecode.swift; path = MatchManager.swift; sourceTree = "<group>"; };
		50FE9DF52BBB9BCD0094BF94 /* UserInfoView.swift */ = {isa = PBXFileReference; lastKnownFileType = sourcecode.swift; path = UserInfoView.swift; sourceTree = "<group>"; };
		50FE9DF72BBD71F50094BF94 /* SwipeAcctionIndicatorView.swift */ = {isa = PBXFileReference; lastKnownFileType = sourcecode.swift; path = SwipeAcctionIndicatorView.swift; sourceTree = "<group>"; };
		50FE9DFA2BC556190094BF94 /* SizeConstants.swift */ = {isa = PBXFileReference; lastKnownFileType = sourcecode.swift; path = SizeConstants.swift; sourceTree = "<group>"; };
		50FE9DFC2BC650D20094BF94 /* ImageScrollingOverlay.swift */ = {isa = PBXFileReference; lastKnownFileType = sourcecode.swift; path = ImageScrollingOverlay.swift; sourceTree = "<group>"; };
		50FE9DFE2BC76CC00094BF94 /* CardImageIndicatorView.swift */ = {isa = PBXFileReference; lastKnownFileType = sourcecode.swift; path = CardImageIndicatorView.swift; sourceTree = "<group>"; };
		50FE9E002BC7747D0094BF94 /* CardStackView.swift */ = {isa = PBXFileReference; lastKnownFileType = sourcecode.swift; path = CardStackView.swift; sourceTree = "<group>"; };
		50FE9E042BC77AFB0094BF94 /* User.swift */ = {isa = PBXFileReference; lastKnownFileType = sourcecode.swift; path = User.swift; sourceTree = "<group>"; };
/* End PBXFileReference section */

/* Begin PBXFrameworksBuildPhase section */
		50208CC12BB7C95400B13EBB /* Frameworks */ = {
			isa = PBXFrameworksBuildPhase;
			buildActionMask = 2147483647;
			files = (
			);
			runOnlyForDeploymentPostprocessing = 0;
		};
		50208CD12BB7C95900B13EBB /* Frameworks */ = {
			isa = PBXFrameworksBuildPhase;
			buildActionMask = 2147483647;
			files = (
			);
			runOnlyForDeploymentPostprocessing = 0;
		};
		50208CDB2BB7C95900B13EBB /* Frameworks */ = {
			isa = PBXFrameworksBuildPhase;
			buildActionMask = 2147483647;
			files = (
			);
			runOnlyForDeploymentPostprocessing = 0;
		};
/* End PBXFrameworksBuildPhase section */

/* Begin PBXGroup section */
		50208CBB2BB7C95400B13EBB = {
			isa = PBXGroup;
			children = (
				50208CC62BB7C95400B13EBB /* TinderClone */,
				50208CD72BB7C95900B13EBB /* TinderCloneTests */,
				50208CE12BB7C95900B13EBB /* TinderCloneUITests */,
				50208CC52BB7C95400B13EBB /* Products */,
			);
			sourceTree = "<group>";
		};
		50208CC52BB7C95400B13EBB /* Products */ = {
			isa = PBXGroup;
			children = (
				50208CC42BB7C95400B13EBB /* TinderClone.app */,
				50208CD42BB7C95900B13EBB /* TinderCloneTests.xctest */,
				50208CDE2BB7C95900B13EBB /* TinderCloneUITests.xctest */,
			);
			name = Products;
			sourceTree = "<group>";
		};
		50208CC62BB7C95400B13EBB /* TinderClone */ = {
			isa = PBXGroup;
			children = (
				50208CF62BB7C9B600B13EBB /* App */,
				50208CF52BB7C9B400B13EBB /* Core */,
				50208CF42BB7C9AE00B13EBB /* Extensions */,
				50208CF32BB7C9AB00B13EBB /* Shared */,
				50208CF12BB7C99D00B13EBB /* Utils */,
				50208CC92BB7C95400B13EBB /* ContentView.swift */,
				50208CCB2BB7C95900B13EBB /* Assets.xcassets */,
				50208CCD2BB7C95900B13EBB /* Preview Content */,
			);
			path = TinderClone;
			sourceTree = "<group>";
		};
		50208CCD2BB7C95900B13EBB /* Preview Content */ = {
			isa = PBXGroup;
			children = (
				50208CCE2BB7C95900B13EBB /* Preview Assets.xcassets */,
			);
			path = "Preview Content";
			sourceTree = "<group>";
		};
		50208CD72BB7C95900B13EBB /* TinderCloneTests */ = {
			isa = PBXGroup;
			children = (
				50208CD82BB7C95900B13EBB /* TinderCloneTests.swift */,
			);
			path = TinderCloneTests;
			sourceTree = "<group>";
		};
		50208CE12BB7C95900B13EBB /* TinderCloneUITests */ = {
			isa = PBXGroup;
			children = (
				50208CE22BB7C95900B13EBB /* TinderCloneUITests.swift */,
				50208CE42BB7C95900B13EBB /* TinderCloneUITestsLaunchTests.swift */,
			);
			path = TinderCloneUITests;
			sourceTree = "<group>";
		};
		50208CF12BB7C99D00B13EBB /* Utils */ = {
			isa = PBXGroup;
			children = (
				50C81BC52BC8C54600D1BCA0 /* MockData */,
				50FE9DF92BC555570094BF94 /* Constants */,
			);
			path = Utils;
			sourceTree = "<group>";
		};
		50208CF32BB7C9AB00B13EBB /* Shared */ = {
			isa = PBXGroup;
			children = (
				50FE9E022BC77ABD0094BF94 /* Users */,
			);
			path = Shared;
			sourceTree = "<group>";
		};
		50208CF42BB7C9AE00B13EBB /* Extensions */ = {
			isa = PBXGroup;
			children = (
			);
			path = Extensions;
			sourceTree = "<group>";
		};
		50208CF52BB7C9B400B13EBB /* Core */ = {
			isa = PBXGroup;
			children = (
				50208CF92BB7CD1C00B13EBB /* Cards */,
				50F6BFA22BD1F2F700B62F1D /* Matches */,
				50208CFC2BB7CD2800B13EBB /* Messaging */,
				50208CFD2BB7CD8700B13EBB /* Profile */,
				50208CFB2BB7CD2200B13EBB /* Search */,
				50208CF72BB7CD0D00B13EBB /* TabBar */,
			);
			path = Core;
			sourceTree = "<group>";
		};
		50208CF62BB7C9B600B13EBB /* App */ = {
			isa = PBXGroup;
			children = (
				50208CC72BB7C95400B13EBB /* TinderCloneApp.swift */,
			);
			path = App;
			sourceTree = "<group>";
		};
		50208CF72BB7CD0D00B13EBB /* TabBar */ = {
			isa = PBXGroup;
			children = (
				50208CFE2BB7CDC700B13EBB /* MainTabView.swift */,
			);
			path = TabBar;
			sourceTree = "<group>";
		};
		50208CF92BB7CD1C00B13EBB /* Cards */ = {
			isa = PBXGroup;
			children = (
				50C81BC22BC8BAD400D1BCA0 /* Service */,
				50C81BBF2BC8B7FE00D1BCA0 /* ViewModel */,
				50FE9E062BC77BFA0094BF94 /* Model */,
				50208D002BB8FA5200B13EBB /* Views */,
			);
			path = Cards;
			sourceTree = "<group>";
		};
		50208CFB2BB7CD2200B13EBB /* Search */ = {
			isa = PBXGroup;
			children = (
			);
			path = Search;
			sourceTree = "<group>";
		};
		50208CFC2BB7CD2800B13EBB /* Messaging */ = {
			isa = PBXGroup;
			children = (
			);
			path = Messaging;
			sourceTree = "<group>";
		};
		50208CFD2BB7CD8700B13EBB /* Profile */ = {
			isa = PBXGroup;
			children = (
				50F6BF972BCF571300B62F1D /* CurrentUserProfile */,
				50F6BF9D2BD0A79000B62F1D /* EditProfile */,
				50F6BF982BCF571700B62F1D /* User Profile */,
			);
			path = Profile;
			sourceTree = "<group>";
		};
		50208D002BB8FA5200B13EBB /* Views */ = {
			isa = PBXGroup;
			children = (
				50208D012BB8FAD600B13EBB /* CardView.swift */,
				50FE9DF52BBB9BCD0094BF94 /* UserInfoView.swift */,
				50FE9DF72BBD71F50094BF94 /* SwipeAcctionIndicatorView.swift */,
				50FE9DFC2BC650D20094BF94 /* ImageScrollingOverlay.swift */,
				50FE9DFE2BC76CC00094BF94 /* CardImageIndicatorView.swift */,
				50FE9E002BC7747D0094BF94 /* CardStackView.swift */,
				50F6BF912BCB90C900B62F1D /* SwipeActionButtonsView.swift */,
			);
			path = Views;
			sourceTree = "<group>";
		};
		50C81BBF2BC8B7FE00D1BCA0 /* ViewModel */ = {
			isa = PBXGroup;
			children = (
				50C81BC02BC8B82600D1BCA0 /* CardsViewModel.swift */,
			);
			path = ViewModel;
			sourceTree = "<group>";
		};
		50C81BC22BC8BAD400D1BCA0 /* Service */ = {
			isa = PBXGroup;
			children = (
				50C81BC32BC8BAF600D1BCA0 /* CardService.swift */,
			);
			path = Service;
			sourceTree = "<group>";
		};
		50C81BC52BC8C54600D1BCA0 /* MockData */ = {
			isa = PBXGroup;
			children = (
				50C81BC62BC8C57A00D1BCA0 /* MockData.swift */,
			);
			path = MockData;
			sourceTree = "<group>";
		};
		50F6BF972BCF571300B62F1D /* CurrentUserProfile */ = {
			isa = PBXGroup;
			children = (
				50F6BF992BCF576200B62F1D /* CurrentUserProfileView.swift */,
				50F6BF9B2BCF57E000B62F1D /* CurrentUserProfileHeaderView.swift */,
			);
			path = CurrentUserProfile;
			sourceTree = "<group>";
		};
		50F6BF982BCF571700B62F1D /* User Profile */ = {
			isa = PBXGroup;
			children = (
				50F6BF952BCCCCD400B62F1D /* UserProfileView.swift */,
			);
			path = "User Profile";
			sourceTree = "<group>";
		};
		50F6BF9D2BD0A79000B62F1D /* EditProfile */ = {
			isa = PBXGroup;
			children = (
				50F6BF9E2BD0A81B00B62F1D /* EditProfileView.swift */,
				50F6BFA02BD0AED600B62F1D /* ProfileImageGridView.swift */,
			);
			path = EditProfile;
			sourceTree = "<group>";
		};
		50F6BFA22BD1F2F700B62F1D /* Matches */ = {
			isa = PBXGroup;
			children = (
				50F6BFA62BD20D7300B62F1D /* Manager */,
				50F6BFA32BD1F31700B62F1D /* View */,
			);
			path = Matches;
			sourceTree = "<group>";
		};
		50F6BFA32BD1F31700B62F1D /* View */ = {
			isa = PBXGroup;
			children = (
				50F6BFA42BD1F33500B62F1D /* UserMatchview.swift */,
			);
			path = View;
			sourceTree = "<group>";
		};
		50F6BFA62BD20D7300B62F1D /* Manager */ = {
			isa = PBXGroup;
			children = (
				50F6BFA72BD20D8B00B62F1D /* MatchManager.swift */,
			);
			path = Manager;
			sourceTree = "<group>";
		};
		50FE9DF92BC555570094BF94 /* Constants */ = {
			isa = PBXGroup;
			children = (
				50FE9DFA2BC556190094BF94 /* SizeConstants.swift */,
			);
			path = Constants;
			sourceTree = "<group>";
		};
		50FE9E022BC77ABD0094BF94 /* Users */ = {
			isa = PBXGroup;
			children = (
				50FE9E032BC77ACC0094BF94 /* Model */,
			);
			path = Users;
			sourceTree = "<group>";
		};
		50FE9E032BC77ACC0094BF94 /* Model */ = {
			isa = PBXGroup;
			children = (
				50FE9E042BC77AFB0094BF94 /* User.swift */,
			);
			path = Model;
			sourceTree = "<group>";
		};
		50FE9E062BC77BFA0094BF94 /* Model */ = {
			isa = PBXGroup;
			children = (
				50C81BBD2BC8B77200D1BCA0 /* CardModel.swift */,
				50F6BF932BCB963B00B62F1D /* SwipeAction.swift */,
			);
			path = Model;
			sourceTree = "<group>";
		};
/* End PBXGroup section */

/* Begin PBXNativeTarget section */
		50208CC32BB7C95400B13EBB /* TinderClone */ = {
			isa = PBXNativeTarget;
			buildConfigurationList = 50208CE82BB7C95900B13EBB /* Build configuration list for PBXNativeTarget "TinderClone" */;
			buildPhases = (
				50208CC02BB7C95400B13EBB /* Sources */,
				50208CC12BB7C95400B13EBB /* Frameworks */,
				50208CC22BB7C95400B13EBB /* Resources */,
			);
			buildRules = (
			);
			dependencies = (
			);
			name = TinderClone;
			productName = TinderClone;
			productReference = 50208CC42BB7C95400B13EBB /* TinderClone.app */;
			productType = "com.apple.product-type.application";
		};
		50208CD32BB7C95900B13EBB /* TinderCloneTests */ = {
			isa = PBXNativeTarget;
			buildConfigurationList = 50208CEB2BB7C95900B13EBB /* Build configuration list for PBXNativeTarget "TinderCloneTests" */;
			buildPhases = (
				50208CD02BB7C95900B13EBB /* Sources */,
				50208CD12BB7C95900B13EBB /* Frameworks */,
				50208CD22BB7C95900B13EBB /* Resources */,
			);
			buildRules = (
			);
			dependencies = (
				50208CD62BB7C95900B13EBB /* PBXTargetDependency */,
			);
			name = TinderCloneTests;
			productName = TinderCloneTests;
			productReference = 50208CD42BB7C95900B13EBB /* TinderCloneTests.xctest */;
			productType = "com.apple.product-type.bundle.unit-test";
		};
		50208CDD2BB7C95900B13EBB /* TinderCloneUITests */ = {
			isa = PBXNativeTarget;
			buildConfigurationList = 50208CEE2BB7C95900B13EBB /* Build configuration list for PBXNativeTarget "TinderCloneUITests" */;
			buildPhases = (
				50208CDA2BB7C95900B13EBB /* Sources */,
				50208CDB2BB7C95900B13EBB /* Frameworks */,
				50208CDC2BB7C95900B13EBB /* Resources */,
			);
			buildRules = (
			);
			dependencies = (
				50208CE02BB7C95900B13EBB /* PBXTargetDependency */,
			);
			name = TinderCloneUITests;
			productName = TinderCloneUITests;
			productReference = 50208CDE2BB7C95900B13EBB /* TinderCloneUITests.xctest */;
			productType = "com.apple.product-type.bundle.ui-testing";
		};
/* End PBXNativeTarget section */

/* Begin PBXProject section */
		50208CBC2BB7C95400B13EBB /* Project object */ = {
			isa = PBXProject;
			attributes = {
				BuildIndependentTargetsInParallel = 1;
				LastSwiftUpdateCheck = 1430;
				LastUpgradeCheck = 1430;
				TargetAttributes = {
					50208CC32BB7C95400B13EBB = {
						CreatedOnToolsVersion = 14.3.1;
					};
					50208CD32BB7C95900B13EBB = {
						CreatedOnToolsVersion = 14.3.1;
						TestTargetID = 50208CC32BB7C95400B13EBB;
					};
					50208CDD2BB7C95900B13EBB = {
						CreatedOnToolsVersion = 14.3.1;
						TestTargetID = 50208CC32BB7C95400B13EBB;
					};
				};
			};
			buildConfigurationList = 50208CBF2BB7C95400B13EBB /* Build configuration list for PBXProject "TinderClone" */;
			compatibilityVersion = "Xcode 14.0";
			developmentRegion = en;
			hasScannedForEncodings = 0;
			knownRegions = (
				en,
				Base,
			);
			mainGroup = 50208CBB2BB7C95400B13EBB;
			productRefGroup = 50208CC52BB7C95400B13EBB /* Products */;
			projectDirPath = "";
			projectRoot = "";
			targets = (
				50208CC32BB7C95400B13EBB /* TinderClone */,
				50208CD32BB7C95900B13EBB /* TinderCloneTests */,
				50208CDD2BB7C95900B13EBB /* TinderCloneUITests */,
			);
		};
/* End PBXProject section */

/* Begin PBXResourcesBuildPhase section */
		50208CC22BB7C95400B13EBB /* Resources */ = {
			isa = PBXResourcesBuildPhase;
			buildActionMask = 2147483647;
			files = (
				50208CCF2BB7C95900B13EBB /* Preview Assets.xcassets in Resources */,
				50208CCC2BB7C95900B13EBB /* Assets.xcassets in Resources */,
			);
			runOnlyForDeploymentPostprocessing = 0;
		};
		50208CD22BB7C95900B13EBB /* Resources */ = {
			isa = PBXResourcesBuildPhase;
			buildActionMask = 2147483647;
			files = (
			);
			runOnlyForDeploymentPostprocessing = 0;
		};
		50208CDC2BB7C95900B13EBB /* Resources */ = {
			isa = PBXResourcesBuildPhase;
			buildActionMask = 2147483647;
			files = (
			);
			runOnlyForDeploymentPostprocessing = 0;
		};
/* End PBXResourcesBuildPhase section */

/* Begin PBXSourcesBuildPhase section */
		50208CC02BB7C95400B13EBB /* Sources */ = {
			isa = PBXSourcesBuildPhase;
			buildActionMask = 2147483647;
			files = (
				50F6BF9F2BD0A81B00B62F1D /* EditProfileView.swift in Sources */,
				50FE9DFD2BC650D20094BF94 /* ImageScrollingOverlay.swift in Sources */,
				50F6BF9A2BCF576200B62F1D /* CurrentUserProfileView.swift in Sources */,
				50F6BF962BCCCCD400B62F1D /* UserProfileView.swift in Sources */,
				50C81BC42BC8BAF600D1BCA0 /* CardService.swift in Sources */,
				50F6BF9C2BCF57E000B62F1D /* CurrentUserProfileHeaderView.swift in Sources */,
				50208CFF2BB7CDC700B13EBB /* MainTabView.swift in Sources */,
				50208CCA2BB7C95400B13EBB /* ContentView.swift in Sources */,
				50C81BC72BC8C57A00D1BCA0 /* MockData.swift in Sources */,
				50F6BFA52BD1F33500B62F1D /* UserMatchview.swift in Sources */,
				50F6BF942BCB963B00B62F1D /* SwipeAction.swift in Sources */,
				50208D022BB8FAD600B13EBB /* CardView.swift in Sources */,
				50FE9DFF2BC76CC00094BF94 /* CardImageIndicatorView.swift in Sources */,
				50F6BFA82BD20D8B00B62F1D /* MatchManager.swift in Sources */,
				50F6BF922BCB90CA00B62F1D /* SwipeActionButtonsView.swift in Sources */,
				50C81BBE2BC8B77200D1BCA0 /* CardModel.swift in Sources */,
				50F6BFA12BD0AED600B62F1D /* ProfileImageGridView.swift in Sources */,
				50FE9E012BC7747D0094BF94 /* CardStackView.swift in Sources */,
				50208CC82BB7C95400B13EBB /* TinderCloneApp.swift in Sources */,
				50FE9DFB2BC556190094BF94 /* SizeConstants.swift in Sources */,
				50FE9DF62BBB9BCD0094BF94 /* UserInfoView.swift in Sources */,
				50C81BC12BC8B82600D1BCA0 /* CardsViewModel.swift in Sources */,
				50FE9DF82BBD71F50094BF94 /* SwipeAcctionIndicatorView.swift in Sources */,
				50FE9E052BC77AFB0094BF94 /* User.swift in Sources */,
			);
			runOnlyForDeploymentPostprocessing = 0;
		};
		50208CD02BB7C95900B13EBB /* Sources */ = {
			isa = PBXSourcesBuildPhase;
			buildActionMask = 2147483647;
			files = (
				50208CD92BB7C95900B13EBB /* TinderCloneTests.swift in Sources */,
			);
			runOnlyForDeploymentPostprocessing = 0;
		};
		50208CDA2BB7C95900B13EBB /* Sources */ = {
			isa = PBXSourcesBuildPhase;
			buildActionMask = 2147483647;
			files = (
				50208CE52BB7C95900B13EBB /* TinderCloneUITestsLaunchTests.swift in Sources */,
				50208CE32BB7C95900B13EBB /* TinderCloneUITests.swift in Sources */,
			);
			runOnlyForDeploymentPostprocessing = 0;
		};
/* End PBXSourcesBuildPhase section */

/* Begin PBXTargetDependency section */
		50208CD62BB7C95900B13EBB /* PBXTargetDependency */ = {
			isa = PBXTargetDependency;
			target = 50208CC32BB7C95400B13EBB /* TinderClone */;
			targetProxy = 50208CD52BB7C95900B13EBB /* PBXContainerItemProxy */;
		};
		50208CE02BB7C95900B13EBB /* PBXTargetDependency */ = {
			isa = PBXTargetDependency;
			target = 50208CC32BB7C95400B13EBB /* TinderClone */;
			targetProxy = 50208CDF2BB7C95900B13EBB /* PBXContainerItemProxy */;
		};
/* End PBXTargetDependency section */

/* Begin XCBuildConfiguration section */
		50208CE62BB7C95900B13EBB /* Debug */ = {
			isa = XCBuildConfiguration;
			buildSettings = {
				ALWAYS_SEARCH_USER_PATHS = NO;
				CLANG_ANALYZER_NONNULL = YES;
				CLANG_ANALYZER_NUMBER_OBJECT_CONVERSION = YES_AGGRESSIVE;
				CLANG_CXX_LANGUAGE_STANDARD = "gnu++20";
				CLANG_ENABLE_MODULES = YES;
				CLANG_ENABLE_OBJC_ARC = YES;
				CLANG_ENABLE_OBJC_WEAK = YES;
				CLANG_WARN_BLOCK_CAPTURE_AUTORELEASING = YES;
				CLANG_WARN_BOOL_CONVERSION = YES;
				CLANG_WARN_COMMA = YES;
				CLANG_WARN_CONSTANT_CONVERSION = YES;
				CLANG_WARN_DEPRECATED_OBJC_IMPLEMENTATIONS = YES;
				CLANG_WARN_DIRECT_OBJC_ISA_USAGE = YES_ERROR;
				CLANG_WARN_DOCUMENTATION_COMMENTS = YES;
				CLANG_WARN_EMPTY_BODY = YES;
				CLANG_WARN_ENUM_CONVERSION = YES;
				CLANG_WARN_INFINITE_RECURSION = YES;
				CLANG_WARN_INT_CONVERSION = YES;
				CLANG_WARN_NON_LITERAL_NULL_CONVERSION = YES;
				CLANG_WARN_OBJC_IMPLICIT_RETAIN_SELF = YES;
				CLANG_WARN_OBJC_LITERAL_CONVERSION = YES;
				CLANG_WARN_OBJC_ROOT_CLASS = YES_ERROR;
				CLANG_WARN_QUOTED_INCLUDE_IN_FRAMEWORK_HEADER = YES;
				CLANG_WARN_RANGE_LOOP_ANALYSIS = YES;
				CLANG_WARN_STRICT_PROTOTYPES = YES;
				CLANG_WARN_SUSPICIOUS_MOVE = YES;
				CLANG_WARN_UNGUARDED_AVAILABILITY = YES_AGGRESSIVE;
				CLANG_WARN_UNREACHABLE_CODE = YES;
				CLANG_WARN__DUPLICATE_METHOD_MATCH = YES;
				COPY_PHASE_STRIP = NO;
				DEBUG_INFORMATION_FORMAT = dwarf;
				ENABLE_STRICT_OBJC_MSGSEND = YES;
				ENABLE_TESTABILITY = YES;
				GCC_C_LANGUAGE_STANDARD = gnu11;
				GCC_DYNAMIC_NO_PIC = NO;
				GCC_NO_COMMON_BLOCKS = YES;
				GCC_OPTIMIZATION_LEVEL = 0;
				GCC_PREPROCESSOR_DEFINITIONS = (
					"DEBUG=1",
					"$(inherited)",
				);
				GCC_WARN_64_TO_32_BIT_CONVERSION = YES;
				GCC_WARN_ABOUT_RETURN_TYPE = YES_ERROR;
				GCC_WARN_UNDECLARED_SELECTOR = YES;
				GCC_WARN_UNINITIALIZED_AUTOS = YES_AGGRESSIVE;
				GCC_WARN_UNUSED_FUNCTION = YES;
				GCC_WARN_UNUSED_VARIABLE = YES;
				IPHONEOS_DEPLOYMENT_TARGET = 16.4;
				MTL_ENABLE_DEBUG_INFO = INCLUDE_SOURCE;
				MTL_FAST_MATH = YES;
				ONLY_ACTIVE_ARCH = YES;
				SDKROOT = iphoneos;
				SWIFT_ACTIVE_COMPILATION_CONDITIONS = DEBUG;
				SWIFT_OPTIMIZATION_LEVEL = "-Onone";
			};
			name = Debug;
		};
		50208CE72BB7C95900B13EBB /* Release */ = {
			isa = XCBuildConfiguration;
			buildSettings = {
				ALWAYS_SEARCH_USER_PATHS = NO;
				CLANG_ANALYZER_NONNULL = YES;
				CLANG_ANALYZER_NUMBER_OBJECT_CONVERSION = YES_AGGRESSIVE;
				CLANG_CXX_LANGUAGE_STANDARD = "gnu++20";
				CLANG_ENABLE_MODULES = YES;
				CLANG_ENABLE_OBJC_ARC = YES;
				CLANG_ENABLE_OBJC_WEAK = YES;
				CLANG_WARN_BLOCK_CAPTURE_AUTORELEASING = YES;
				CLANG_WARN_BOOL_CONVERSION = YES;
				CLANG_WARN_COMMA = YES;
				CLANG_WARN_CONSTANT_CONVERSION = YES;
				CLANG_WARN_DEPRECATED_OBJC_IMPLEMENTATIONS = YES;
				CLANG_WARN_DIRECT_OBJC_ISA_USAGE = YES_ERROR;
				CLANG_WARN_DOCUMENTATION_COMMENTS = YES;
				CLANG_WARN_EMPTY_BODY = YES;
				CLANG_WARN_ENUM_CONVERSION = YES;
				CLANG_WARN_INFINITE_RECURSION = YES;
				CLANG_WARN_INT_CONVERSION = YES;
				CLANG_WARN_NON_LITERAL_NULL_CONVERSION = YES;
				CLANG_WARN_OBJC_IMPLICIT_RETAIN_SELF = YES;
				CLANG_WARN_OBJC_LITERAL_CONVERSION = YES;
				CLANG_WARN_OBJC_ROOT_CLASS = YES_ERROR;
				CLANG_WARN_QUOTED_INCLUDE_IN_FRAMEWORK_HEADER = YES;
				CLANG_WARN_RANGE_LOOP_ANALYSIS = YES;
				CLANG_WARN_STRICT_PROTOTYPES = YES;
				CLANG_WARN_SUSPICIOUS_MOVE = YES;
				CLANG_WARN_UNGUARDED_AVAILABILITY = YES_AGGRESSIVE;
				CLANG_WARN_UNREACHABLE_CODE = YES;
				CLANG_WARN__DUPLICATE_METHOD_MATCH = YES;
				COPY_PHASE_STRIP = NO;
				DEBUG_INFORMATION_FORMAT = "dwarf-with-dsym";
				ENABLE_NS_ASSERTIONS = NO;
				ENABLE_STRICT_OBJC_MSGSEND = YES;
				GCC_C_LANGUAGE_STANDARD = gnu11;
				GCC_NO_COMMON_BLOCKS = YES;
				GCC_WARN_64_TO_32_BIT_CONVERSION = YES;
				GCC_WARN_ABOUT_RETURN_TYPE = YES_ERROR;
				GCC_WARN_UNDECLARED_SELECTOR = YES;
				GCC_WARN_UNINITIALIZED_AUTOS = YES_AGGRESSIVE;
				GCC_WARN_UNUSED_FUNCTION = YES;
				GCC_WARN_UNUSED_VARIABLE = YES;
				IPHONEOS_DEPLOYMENT_TARGET = 16.4;
				MTL_ENABLE_DEBUG_INFO = NO;
				MTL_FAST_MATH = YES;
				SDKROOT = iphoneos;
				SWIFT_COMPILATION_MODE = wholemodule;
				SWIFT_OPTIMIZATION_LEVEL = "-O";
				VALIDATE_PRODUCT = YES;
			};
			name = Release;
		};
		50208CE92BB7C95900B13EBB /* Debug */ = {
			isa = XCBuildConfiguration;
			buildSettings = {
				ASSETCATALOG_COMPILER_APPICON_NAME = AppIcon;
				ASSETCATALOG_COMPILER_GLOBAL_ACCENT_COLOR_NAME = AccentColor;
				CODE_SIGN_STYLE = Automatic;
				CURRENT_PROJECT_VERSION = 1;
				DEVELOPMENT_ASSET_PATHS = "\"TinderClone/Preview Content\"";
				ENABLE_PREVIEWS = YES;
				GENERATE_INFOPLIST_FILE = YES;
				INFOPLIST_KEY_UIApplicationSceneManifest_Generation = YES;
				INFOPLIST_KEY_UIApplicationSupportsIndirectInputEvents = YES;
				INFOPLIST_KEY_UILaunchScreen_Generation = YES;
				INFOPLIST_KEY_UISupportedInterfaceOrientations_iPad = "UIInterfaceOrientationPortrait UIInterfaceOrientationPortraitUpsideDown UIInterfaceOrientationLandscapeLeft UIInterfaceOrientationLandscapeRight";
				INFOPLIST_KEY_UISupportedInterfaceOrientations_iPhone = "UIInterfaceOrientationPortrait UIInterfaceOrientationLandscapeLeft UIInterfaceOrientationLandscapeRight";
				LD_RUNPATH_SEARCH_PATHS = (
					"$(inherited)",
					"@executable_path/Frameworks",
				);
				MARKETING_VERSION = 1.0;
				PRODUCT_BUNDLE_IDENTIFIER = Ichi.TinderClone;
				PRODUCT_NAME = "$(TARGET_NAME)";
				SWIFT_EMIT_LOC_STRINGS = YES;
				SWIFT_VERSION = 5.0;
				TARGETED_DEVICE_FAMILY = "1,2";
			};
			name = Debug;
		};
		50208CEA2BB7C95900B13EBB /* Release */ = {
			isa = XCBuildConfiguration;
			buildSettings = {
				ASSETCATALOG_COMPILER_APPICON_NAME = AppIcon;
				ASSETCATALOG_COMPILER_GLOBAL_ACCENT_COLOR_NAME = AccentColor;
				CODE_SIGN_STYLE = Automatic;
				CURRENT_PROJECT_VERSION = 1;
				DEVELOPMENT_ASSET_PATHS = "\"TinderClone/Preview Content\"";
				ENABLE_PREVIEWS = YES;
				GENERATE_INFOPLIST_FILE = YES;
				INFOPLIST_KEY_UIApplicationSceneManifest_Generation = YES;
				INFOPLIST_KEY_UIApplicationSupportsIndirectInputEvents = YES;
				INFOPLIST_KEY_UILaunchScreen_Generation = YES;
				INFOPLIST_KEY_UISupportedInterfaceOrientations_iPad = "UIInterfaceOrientationPortrait UIInterfaceOrientationPortraitUpsideDown UIInterfaceOrientationLandscapeLeft UIInterfaceOrientationLandscapeRight";
				INFOPLIST_KEY_UISupportedInterfaceOrientations_iPhone = "UIInterfaceOrientationPortrait UIInterfaceOrientationLandscapeLeft UIInterfaceOrientationLandscapeRight";
				LD_RUNPATH_SEARCH_PATHS = (
					"$(inherited)",
					"@executable_path/Frameworks",
				);
				MARKETING_VERSION = 1.0;
				PRODUCT_BUNDLE_IDENTIFIER = Ichi.TinderClone;
				PRODUCT_NAME = "$(TARGET_NAME)";
				SWIFT_EMIT_LOC_STRINGS = YES;
				SWIFT_VERSION = 5.0;
				TARGETED_DEVICE_FAMILY = "1,2";
			};
			name = Release;
		};
		50208CEC2BB7C95900B13EBB /* Debug */ = {
			isa = XCBuildConfiguration;
			buildSettings = {
				ALWAYS_EMBED_SWIFT_STANDARD_LIBRARIES = YES;
				BUNDLE_LOADER = "$(TEST_HOST)";
				CODE_SIGN_STYLE = Automatic;
				CURRENT_PROJECT_VERSION = 1;
				GENERATE_INFOPLIST_FILE = YES;
				IPHONEOS_DEPLOYMENT_TARGET = 16.4;
				MARKETING_VERSION = 1.0;
				PRODUCT_BUNDLE_IDENTIFIER = Ichi.TinderCloneTests;
				PRODUCT_NAME = "$(TARGET_NAME)";
				SWIFT_EMIT_LOC_STRINGS = NO;
				SWIFT_VERSION = 5.0;
				TARGETED_DEVICE_FAMILY = "1,2";
				TEST_HOST = "$(BUILT_PRODUCTS_DIR)/TinderClone.app/$(BUNDLE_EXECUTABLE_FOLDER_PATH)/TinderClone";
			};
			name = Debug;
		};
		50208CED2BB7C95900B13EBB /* Release */ = {
			isa = XCBuildConfiguration;
			buildSettings = {
				ALWAYS_EMBED_SWIFT_STANDARD_LIBRARIES = YES;
				BUNDLE_LOADER = "$(TEST_HOST)";
				CODE_SIGN_STYLE = Automatic;
				CURRENT_PROJECT_VERSION = 1;
				GENERATE_INFOPLIST_FILE = YES;
				IPHONEOS_DEPLOYMENT_TARGET = 16.4;
				MARKETING_VERSION = 1.0;
				PRODUCT_BUNDLE_IDENTIFIER = Ichi.TinderCloneTests;
				PRODUCT_NAME = "$(TARGET_NAME)";
				SWIFT_EMIT_LOC_STRINGS = NO;
				SWIFT_VERSION = 5.0;
				TARGETED_DEVICE_FAMILY = "1,2";
				TEST_HOST = "$(BUILT_PRODUCTS_DIR)/TinderClone.app/$(BUNDLE_EXECUTABLE_FOLDER_PATH)/TinderClone";
			};
			name = Release;
		};
		50208CEF2BB7C95900B13EBB /* Debug */ = {
			isa = XCBuildConfiguration;
			buildSettings = {
				ALWAYS_EMBED_SWIFT_STANDARD_LIBRARIES = YES;
				CODE_SIGN_STYLE = Automatic;
				CURRENT_PROJECT_VERSION = 1;
				GENERATE_INFOPLIST_FILE = YES;
				MARKETING_VERSION = 1.0;
				PRODUCT_BUNDLE_IDENTIFIER = Ichi.TinderCloneUITests;
				PRODUCT_NAME = "$(TARGET_NAME)";
				SWIFT_EMIT_LOC_STRINGS = NO;
				SWIFT_VERSION = 5.0;
				TARGETED_DEVICE_FAMILY = "1,2";
				TEST_TARGET_NAME = TinderClone;
			};
			name = Debug;
		};
		50208CF02BB7C95900B13EBB /* Release */ = {
			isa = XCBuildConfiguration;
			buildSettings = {
				ALWAYS_EMBED_SWIFT_STANDARD_LIBRARIES = YES;
				CODE_SIGN_STYLE = Automatic;
				CURRENT_PROJECT_VERSION = 1;
				GENERATE_INFOPLIST_FILE = YES;
				MARKETING_VERSION = 1.0;
				PRODUCT_BUNDLE_IDENTIFIER = Ichi.TinderCloneUITests;
				PRODUCT_NAME = "$(TARGET_NAME)";
				SWIFT_EMIT_LOC_STRINGS = NO;
				SWIFT_VERSION = 5.0;
				TARGETED_DEVICE_FAMILY = "1,2";
				TEST_TARGET_NAME = TinderClone;
			};
			name = Release;
		};
/* End XCBuildConfiguration section */

/* Begin XCConfigurationList section */
		50208CBF2BB7C95400B13EBB /* Build configuration list for PBXProject "TinderClone" */ = {
			isa = XCConfigurationList;
			buildConfigurations = (
				50208CE62BB7C95900B13EBB /* Debug */,
				50208CE72BB7C95900B13EBB /* Release */,
			);
			defaultConfigurationIsVisible = 0;
			defaultConfigurationName = Release;
		};
		50208CE82BB7C95900B13EBB /* Build configuration list for PBXNativeTarget "TinderClone" */ = {
			isa = XCConfigurationList;
			buildConfigurations = (
				50208CE92BB7C95900B13EBB /* Debug */,
				50208CEA2BB7C95900B13EBB /* Release */,
			);
			defaultConfigurationIsVisible = 0;
			defaultConfigurationName = Release;
		};
		50208CEB2BB7C95900B13EBB /* Build configuration list for PBXNativeTarget "TinderCloneTests" */ = {
			isa = XCConfigurationList;
			buildConfigurations = (
				50208CEC2BB7C95900B13EBB /* Debug */,
				50208CED2BB7C95900B13EBB /* Release */,
			);
			defaultConfigurationIsVisible = 0;
			defaultConfigurationName = Release;
		};
		50208CEE2BB7C95900B13EBB /* Build configuration list for PBXNativeTarget "TinderCloneUITests" */ = {
			isa = XCConfigurationList;
			buildConfigurations = (
				50208CEF2BB7C95900B13EBB /* Debug */,
				50208CF02BB7C95900B13EBB /* Release */,
			);
			defaultConfigurationIsVisible = 0;
			defaultConfigurationName = Release;
		};
/* End XCConfigurationList section */
	};
	rootObject = 50208CBC2BB7C95400B13EBB /* Project object */;
}
